
Microsoft Visual Studio Solution File, Format Version 12.00
# Visual Studio Version 17
VisualStudioVersion = 17.2.32630.192
MinimumVisualStudioVersion = 10.0.40219.1
Project("{FAE04EC0-301F-11D3-BF4B-00C04F79EFBC}") = "EntityWeb", "EntityService\EntityWeb.csproj", "{E081D1C4-651F-4D62-9218-BE4EEA2AC765}"
EndProject
Global
	GlobalSection(SolutionConfigurationPlatforms) = preSolution
		Debug|Any CPU = Debug|Any CPU
		Release|Any CPU = Release|Any CPU
	EndGlobalSection
	GlobalSection(ProjectConfigurationPlatforms) = postSolution
		{E081D1C4-651F-4D62-9218-BE4EEA2AC765}.Debug|Any CPU.ActiveCfg = Debug|Any CPU
		{E081D1C4-651F-4D62-9218-BE4EEA2AC765}.Debug|Any CPU.Build.0 = Debug|Any CPU
		{E081D1C4-651F-4D62-9218-BE4EEA2AC765}.Release|Any CPU.ActiveCfg = Release|Any CPU
		{E081D1C4-651F-4D62-9218-BE4EEA2AC765}.Release|Any CPU.Build.0 = Release|Any CPU
	EndGlobalSection
	GlobalSection(SolutionProperties) = preSolution
		HideSolutionNode = FALSE
	EndGlobalSection
	GlobalSection(ExtensibilityGlobals) = postSolution
		SolutionGuid = {0E1C9887-D2FA-4154-A94E-56142CCC13A8}
	EndGlobalSection
EndGlobal
